
Microsoft Visual Studio Solution File, Format Version 12.00
# Visual Studio 15
Project("{FAE04EC0-301F-11D3-BF4B-00C04F79EFBC}") = "POSTerminal", "POSTerminal\POSTerminal.csproj", "{D46F7B64-C649-404C-BC62-FE9B5EB95713}"
EndProject
Project("{FAE04EC0-301F-11D3-BF4B-00C04F79EFBC}") = "ShopClient", "ShopClient\ShopClient.csproj", "{5AA9F3F4-0CF5-4C11-971F-A9B9737722CA}"
EndProject
Project("{FAE04EC0-301F-11D3-BF4B-00C04F79EFBC}") = "POSTerminal.Tests", "POSTerminal.Tests\POSTerminal.Tests.csproj", "{82010D67-F0D5-4003-A78B-F545F2825168}"
EndProject
Global
	GlobalSection(SolutionConfigurationPlatforms) = preSolution
		Debug|Any CPU = Debug|Any CPU
		Release|Any CPU = Release|Any CPU
	EndGlobalSection
	GlobalSection(ProjectConfigurationPlatforms) = postSolution
		{D46F7B64-C649-404C-BC62-FE9B5EB95713}.Debug|Any CPU.ActiveCfg = Debug|Any CPU
		{D46F7B64-C649-404C-BC62-FE9B5EB95713}.Debug|Any CPU.Build.0 = Debug|Any CPU
		{D46F7B64-C649-404C-BC62-FE9B5EB95713}.Release|Any CPU.ActiveCfg = Release|Any CPU
		{D46F7B64-C649-404C-BC62-FE9B5EB95713}.Release|Any CPU.Build.0 = Release|Any CPU
		{5AA9F3F4-0CF5-4C11-971F-A9B9737722CA}.Debug|Any CPU.ActiveCfg = Debug|Any CPU
		{5AA9F3F4-0CF5-4C11-971F-A9B9737722CA}.Debug|Any CPU.Build.0 = Debug|Any CPU
		{5AA9F3F4-0CF5-4C11-971F-A9B9737722CA}.Release|Any CPU.ActiveCfg = Release|Any CPU
		{5AA9F3F4-0CF5-4C11-971F-A9B9737722CA}.Release|Any CPU.Build.0 = Release|Any CPU
		{82010D67-F0D5-4003-A78B-F545F2825168}.Debug|Any CPU.ActiveCfg = Debug|Any CPU
		{82010D67-F0D5-4003-A78B-F545F2825168}.Debug|Any CPU.Build.0 = Debug|Any CPU
		{82010D67-F0D5-4003-A78B-F545F2825168}.Release|Any CPU.ActiveCfg = Release|Any CPU
		{82010D67-F0D5-4003-A78B-F545F2825168}.Release|Any CPU.Build.0 = Release|Any CPU
	EndGlobalSection
EndGlobal
